
Microsoft Visual Studio Solution File, Format Version 12.00
# Visual Studio Version 17
VisualStudioVersion = 17.11.35312.102
MinimumVisualStudioVersion = 10.0.40219.1
Project("{9A19103F-16F7-4668-BE54-9A1E7A4F7556}") = "NurseryGardenApp", "NurseryGardenApp\NurseryGardenApp.csproj", "{E6E2F6D8-548E-4B60-B871-23CED359BE7D}"
EndProject
Project("{9A19103F-16F7-4668-BE54-9A1E7A4F7556}") = "NurseryGardenApp.Data", "NurceryGardenApp.Data\NurseryGardenApp.Data.csproj", "{567CC8E1-63A8-44D9-A0EA-5DB13DCCEC92}"
EndProject
Project("{9A19103F-16F7-4668-BE54-9A1E7A4F7556}") = "NurseryGardenApp.Common", "NurseryGardenApp.Common\NurseryGardenApp.Common.csproj", "{319F710A-E530-4710-9548-F4EF4CAF5602}"
EndProject
Project("{9A19103F-16F7-4668-BE54-9A1E7A4F7556}") = "NurseryGardenApp.Data.Models", "NurseryGardenApp.Data.Models\NurseryGardenApp.Data.Models.csproj", "{732017B3-AE76-44D3-BDB1-E9C453F3B76D}"
EndProject
Project("{9A19103F-16F7-4668-BE54-9A1E7A4F7556}") = "NurseryGardenApp.ViewModels", "NurseryGaredenApp.ViewModels\NurseryGardenApp.ViewModels.csproj", "{090DCE7F-667C-4694-ABB9-163EA862A1DF}"
EndProject
Project("{9A19103F-16F7-4668-BE54-9A1E7A4F7556}") = "NurseryGardenApp.Services.Data", "NurseryGardenApp.Services.Data\NurseryGardenApp.Services.Data.csproj", "{BCF905AC-59F7-44A7-B2A9-8F3496C4A034}"
EndProject
Project("{9A19103F-16F7-4668-BE54-9A1E7A4F7556}") = "NurseryGardenApp.Web.Infrastructure", "NurseryGarden.Web.Infrastructure\NurseryGardenApp.Web.Infrastructure.csproj", "{5C5EBA0C-5635-48DE-ACFD-4E7F63E9B288}"
EndProject
Project("{2150E333-8FDC-42A3-9474-1A3956D46DE8}") = "Web", "Web", "{F0DB93ED-8E96-4EDC-B332-9503783F3988}"
EndProject
Project("{2150E333-8FDC-42A3-9474-1A3956D46DE8}") = "Data", "Data", "{E056B69E-0744-4811-89AC-E38A6AE063BC}"
EndProject
Project("{2150E333-8FDC-42A3-9474-1A3956D46DE8}") = "Services", "Services", "{059EDFE0-73C9-4C6A-B168-B8EA65691B99}"
EndProject
Project("{2150E333-8FDC-42A3-9474-1A3956D46DE8}") = "Tests", "Tests", "{64B8F4D2-5113-47F6-9D5A-4C55CA9E43F0}"
EndProject
Project("{2150E333-8FDC-42A3-9474-1A3956D46DE8}") = "Common", "Common", "{61687254-54B3-44F4-AF10-B5B41201D38C}"
EndProject
Project("{9A19103F-16F7-4668-BE54-9A1E7A4F7556}") = "NurseryGardenApp.Services.Tests", "NurseryGardenApp.Services.Tests\NurseryGardenApp.Services.Tests.csproj", "{E20B1DD5-C6B3-41A4-9138-FA7E83924C89}"
EndProject
Project("{FAE04EC0-301F-11D3-BF4B-00C04F79EFBC}") = "NurseryGardenApp.Web.WebAPI", "NurseryGardenApp.Web.WebAPI\NurseryGardenApp.Web.WebAPI.csproj", "{CABD2CF6-219A-453B-A72A-2F7DA456A1A8}"
EndProject
Project("{FAE04EC0-301F-11D3-BF4B-00C04F79EFBC}") = "NurseryGardenApp.Shared", "NurseryGardenApp.Shared\NurseryGardenApp.Shared.csproj", "{EC68DDBD-BDBE-425A-BB2E-C72C2F9E4EA7}"
EndProject
Global
	GlobalSection(SolutionConfigurationPlatforms) = preSolution
		Debug|Any CPU = Debug|Any CPU
		Release|Any CPU = Release|Any CPU
	EndGlobalSection
	GlobalSection(ProjectConfigurationPlatforms) = postSolution
		{E6E2F6D8-548E-4B60-B871-23CED359BE7D}.Debug|Any CPU.ActiveCfg = Debug|Any CPU
		{E6E2F6D8-548E-4B60-B871-23CED359BE7D}.Debug|Any CPU.Build.0 = Debug|Any CPU
		{E6E2F6D8-548E-4B60-B871-23CED359BE7D}.Release|Any CPU.ActiveCfg = Release|Any CPU
		{E6E2F6D8-548E-4B60-B871-23CED359BE7D}.Release|Any CPU.Build.0 = Release|Any CPU
		{567CC8E1-63A8-44D9-A0EA-5DB13DCCEC92}.Debug|Any CPU.ActiveCfg = Debug|Any CPU
		{567CC8E1-63A8-44D9-A0EA-5DB13DCCEC92}.Debug|Any CPU.Build.0 = Debug|Any CPU
		{567CC8E1-63A8-44D9-A0EA-5DB13DCCEC92}.Release|Any CPU.ActiveCfg = Release|Any CPU
		{567CC8E1-63A8-44D9-A0EA-5DB13DCCEC92}.Release|Any CPU.Build.0 = Release|Any CPU
		{319F710A-E530-4710-9548-F4EF4CAF5602}.Debug|Any CPU.ActiveCfg = Debug|Any CPU
		{319F710A-E530-4710-9548-F4EF4CAF5602}.Debug|Any CPU.Build.0 = Debug|Any CPU
		{319F710A-E530-4710-9548-F4EF4CAF5602}.Release|Any CPU.ActiveCfg = Release|Any CPU
		{319F710A-E530-4710-9548-F4EF4CAF5602}.Release|Any CPU.Build.0 = Release|Any CPU
		{732017B3-AE76-44D3-BDB1-E9C453F3B76D}.Debug|Any CPU.ActiveCfg = Debug|Any CPU
		{732017B3-AE76-44D3-BDB1-E9C453F3B76D}.Debug|Any CPU.Build.0 = Debug|Any CPU
		{732017B3-AE76-44D3-BDB1-E9C453F3B76D}.Release|Any CPU.ActiveCfg = Release|Any CPU
		{732017B3-AE76-44D3-BDB1-E9C453F3B76D}.Release|Any CPU.Build.0 = Release|Any CPU
		{090DCE7F-667C-4694-ABB9-163EA862A1DF}.Debug|Any CPU.ActiveCfg = Debug|Any CPU
		{090DCE7F-667C-4694-ABB9-163EA862A1DF}.Debug|Any CPU.Build.0 = Debug|Any CPU
		{090DCE7F-667C-4694-ABB9-163EA862A1DF}.Release|Any CPU.ActiveCfg = Release|Any CPU
		{090DCE7F-667C-4694-ABB9-163EA862A1DF}.Release|Any CPU.Build.0 = Release|Any CPU
		{BCF905AC-59F7-44A7-B2A9-8F3496C4A034}.Debug|Any CPU.ActiveCfg = Debug|Any CPU
		{BCF905AC-59F7-44A7-B2A9-8F3496C4A034}.Debug|Any CPU.Build.0 = Debug|Any CPU
		{BCF905AC-59F7-44A7-B2A9-8F3496C4A034}.Release|Any CPU.ActiveCfg = Release|Any CPU
		{BCF905AC-59F7-44A7-B2A9-8F3496C4A034}.Release|Any CPU.Build.0 = Release|Any CPU
		{5C5EBA0C-5635-48DE-ACFD-4E7F63E9B288}.Debug|Any CPU.ActiveCfg = Debug|Any CPU
		{5C5EBA0C-5635-48DE-ACFD-4E7F63E9B288}.Debug|Any CPU.Build.0 = Debug|Any CPU
		{5C5EBA0C-5635-48DE-ACFD-4E7F63E9B288}.Release|Any CPU.ActiveCfg = Release|Any CPU
		{5C5EBA0C-5635-48DE-ACFD-4E7F63E9B288}.Release|Any CPU.Build.0 = Release|Any CPU
		{E20B1DD5-C6B3-41A4-9138-FA7E83924C89}.Debug|Any CPU.ActiveCfg = Debug|Any CPU
		{E20B1DD5-C6B3-41A4-9138-FA7E83924C89}.Debug|Any CPU.Build.0 = Debug|Any CPU
		{E20B1DD5-C6B3-41A4-9138-FA7E83924C89}.Release|Any CPU.ActiveCfg = Release|Any CPU
		{E20B1DD5-C6B3-41A4-9138-FA7E83924C89}.Release|Any CPU.Build.0 = Release|Any CPU
		{CABD2CF6-219A-453B-A72A-2F7DA456A1A8}.Debug|Any CPU.ActiveCfg = Debug|Any CPU
		{CABD2CF6-219A-453B-A72A-2F7DA456A1A8}.Debug|Any CPU.Build.0 = Debug|Any CPU
		{CABD2CF6-219A-453B-A72A-2F7DA456A1A8}.Release|Any CPU.ActiveCfg = Release|Any CPU
		{CABD2CF6-219A-453B-A72A-2F7DA456A1A8}.Release|Any CPU.Build.0 = Release|Any CPU
		{EC68DDBD-BDBE-425A-BB2E-C72C2F9E4EA7}.Debug|Any CPU.ActiveCfg = Debug|Any CPU
		{EC68DDBD-BDBE-425A-BB2E-C72C2F9E4EA7}.Debug|Any CPU.Build.0 = Debug|Any CPU
		{EC68DDBD-BDBE-425A-BB2E-C72C2F9E4EA7}.Release|Any CPU.ActiveCfg = Release|Any CPU
		{EC68DDBD-BDBE-425A-BB2E-C72C2F9E4EA7}.Release|Any CPU.Build.0 = Release|Any CPU
	EndGlobalSection
	GlobalSection(SolutionProperties) = preSolution
		HideSolutionNode = FALSE
	EndGlobalSection
	GlobalSection(NestedProjects) = preSolution
		{E6E2F6D8-548E-4B60-B871-23CED359BE7D} = {F0DB93ED-8E96-4EDC-B332-9503783F3988}
		{567CC8E1-63A8-44D9-A0EA-5DB13DCCEC92} = {E056B69E-0744-4811-89AC-E38A6AE063BC}
		{319F710A-E530-4710-9548-F4EF4CAF5602} = {61687254-54B3-44F4-AF10-B5B41201D38C}
		{732017B3-AE76-44D3-BDB1-E9C453F3B76D} = {E056B69E-0744-4811-89AC-E38A6AE063BC}
		{090DCE7F-667C-4694-ABB9-163EA862A1DF} = {F0DB93ED-8E96-4EDC-B332-9503783F3988}
		{BCF905AC-59F7-44A7-B2A9-8F3496C4A034} = {059EDFE0-73C9-4C6A-B168-B8EA65691B99}
		{5C5EBA0C-5635-48DE-ACFD-4E7F63E9B288} = {F0DB93ED-8E96-4EDC-B332-9503783F3988}
		{E20B1DD5-C6B3-41A4-9138-FA7E83924C89} = {64B8F4D2-5113-47F6-9D5A-4C55CA9E43F0}
		{CABD2CF6-219A-453B-A72A-2F7DA456A1A8} = {F0DB93ED-8E96-4EDC-B332-9503783F3988}
		{EC68DDBD-BDBE-425A-BB2E-C72C2F9E4EA7} = {61687254-54B3-44F4-AF10-B5B41201D38C}
	EndGlobalSection
	GlobalSection(ExtensibilityGlobals) = postSolution
		SolutionGuid = {DE5DE4E4-C495-4DC9-8887-107E2DAFF0C7}
	EndGlobalSection
EndGlobal
